
Microsoft Visual Studio Solution File, Format Version 12.00
# Visual Studio Version 16
VisualStudioVersion = 16.0.29519.181
MinimumVisualStudioVersion = 10.0.40219.1
Project("{9A19103F-16F7-4668-BE54-9A1E7A4F7556}") = "Synk", "Synk\Synk.csproj", "{48B6C568-7002-43F9-9B05-7ECF6FBCDE42}"
EndProject
Project("{FAE04EC0-301F-11D3-BF4B-00C04F79EFBC}") = "Synk.IntegrationTests", "Synk.IntegrationTests\Synk.IntegrationTests.csproj", "{56330DC0-580A-40B5-981A-B830200E4123}"
EndProject
Global
	GlobalSection(SolutionConfigurationPlatforms) = preSolution
		Debug|Any CPU = Debug|Any CPU
		Release|Any CPU = Release|Any CPU
	EndGlobalSection
	GlobalSection(ProjectConfigurationPlatforms) = postSolution
		{48B6C568-7002-43F9-9B05-7ECF6FBCDE42}.Debug|Any CPU.ActiveCfg = Debug|Any CPU
		{48B6C568-7002-43F9-9B05-7ECF6FBCDE42}.Debug|Any CPU.Build.0 = Debug|Any CPU
		{48B6C568-7002-43F9-9B05-7ECF6FBCDE42}.Release|Any CPU.ActiveCfg = Release|Any CPU
		{48B6C568-7002-43F9-9B05-7ECF6FBCDE42}.Release|Any CPU.Build.0 = Release|Any CPU
		{56330DC0-580A-40B5-981A-B830200E4123}.Debug|Any CPU.ActiveCfg = Debug|Any CPU
		{56330DC0-580A-40B5-981A-B830200E4123}.Debug|Any CPU.Build.0 = Debug|Any CPU
		{56330DC0-580A-40B5-981A-B830200E4123}.Release|Any CPU.ActiveCfg = Release|Any CPU
		{56330DC0-580A-40B5-981A-B830200E4123}.Release|Any CPU.Build.0 = Release|Any CPU
	EndGlobalSection
	GlobalSection(SolutionProperties) = preSolution
		HideSolutionNode = FALSE
	EndGlobalSection
	GlobalSection(ExtensibilityGlobals) = postSolution
		SolutionGuid = {FF1D6C6A-88C6-41E1-8F9F-0D4D10A2F40D}
	EndGlobalSection
EndGlobal
